{
    "_readme": [
        "This file locks the dependencies of your project to a known state",
        "Read more about it at https://getcomposer.org/doc/01-basic-usage.md#composer-lock-the-lock-file",
        "This file is @generated automatically"
    ],
    "content-hash": "ba99c4fc08b01d7a6057e103ac3ed44f",
    "packages": [
        {
            "name": "kasiss/tools",
            "version": "dev-master",
            "source": {
                "type": "git",
                "url": "https://github.com/KasissLiu/Tools.git",
                "reference": "0c7aa46f7bd192b8f924a91d63ba9f25865b91bf"
            },
            "dist": {
                "type": "zip",
                "url": "https://files.phpcomposer.com/files/KasissLiu/Tools/0c7aa46f7bd192b8f924a91d63ba9f25865b91bf.zip",
                "reference": "0c7aa46f7bd192b8f924a91d63ba9f25865b91bf",
                "shasum": ""
            },
            "type": "library",
            "autoload": {
                "psr-4": {
                    "Kasiss\\Tools\\": "simpleTools/"
                }
            },
            "notification-url": "https://packagist.org/downloads/",
            "license": [
                "MIT"
            ],
            "authors": [
                {
                    "name": "kasiss",
                    "email": "xueyezhishang@163.com"
                }
            ],
            "description": "useful tools",
            "time": "2017-10-17 06:17:02"
        },
        {
            "name": "smarty/smarty",
            "version": "v3.1.27",
            "source": {
                "type": "git",
                "url": "https://github.com/smarty-php/smarty.git",
                "reference": "4537d8aae6c4a26f5439bc3a05d3437d25c2c4d2"
            },
            "dist": {
                "type": "zip",
                "url": "https://files.phpcomposer.com/files/smarty-php/smarty/4537d8aae6c4a26f5439bc3a05d3437d25c2c4d2.zip",
                "reference": "4537d8aae6c4a26f5439bc3a05d3437d25c2c4d2",
                "shasum": ""
            },
            "require": {
                "php": ">=5.2"
            },
            "type": "library",
            "extra": {
                "branch-alias": {
                    "dev-master": "3.1.x-dev"
                }
            },
            "autoload": {
                "classmap": [
                    "libs/Smarty.class.php",
                    "libs/SmartyBC.class.php",
                    "libs/sysplugins/"
                ]
            },
            "notification-url": "https://packagist.org/downloads/",
            "license": [
                "LGPL-3.0"
            ],
            "authors": [
                {
                    "name": "Monte Ohrt",
                    "email": "monte@ohrt.com"
                },
                {
                    "name": "Uwe Tews",
                    "email": "uwe.tews@googlemail.com"
                },
                {
                    "name": "Rodney Rehm",
                    "email": "rodney.rehm@medialize.de"
                }
            ],
            "description": "Smarty - the compiling PHP template engine",
            "homepage": "http://www.smarty.net",
            "keywords": [
                "templating"
            ],
            "time": "2015-06-18T00:55:59+00:00"
        }
    ],
    "packages-dev": [],
    "aliases": [],
    "minimum-stability": "stable",
    "stability-flags": {
        "kasiss/tools": 20
    },
    "prefer-stable": false,
    "prefer-lowest": false,
    "platform": {
        "php": ">=5.3"
    },
    "platform-dev": []
}
